// !$*UTF8*$!
{
	archiveVersion = 1;
	classes = {
	};
	objectVersion = 56;
	objects = {

/* Begin PBXBuildFile section */
		0C5A05AA2B8EC4E500BDFD81 /* HeaderHomePageView.swift in Sources */ = {isa = PBXBuildFile; fileRef = 0C5A05A92B8EC4E500BDFD81 /* HeaderHomePageView.swift */; };
		0C5A05B22B8ECBA400BDFD81 /* RecipePreviews.swift in Sources */ = {isa = PBXBuildFile; fileRef = 0C5A05B12B8ECBA400BDFD81 /* RecipePreviews.swift */; };
		0C5A05B62B8ECCFF00BDFD81 /* RecipeStruct.swift in Sources */ = {isa = PBXBuildFile; fileRef = 0C5A05B52B8ECCFF00BDFD81 /* RecipeStruct.swift */; };
		0C5A05B82B8ED06600BDFD81 /* IngredientList.swift in Sources */ = {isa = PBXBuildFile; fileRef = 0C5A05B72B8ED06600BDFD81 /* IngredientList.swift */; };
		0C5A05BA2B8ED25800BDFD81 /* EstimatedTime.swift in Sources */ = {isa = PBXBuildFile; fileRef = 0C5A05B92B8ED25800BDFD81 /* EstimatedTime.swift */; };
		0C5A05BC2B8ED3AF00BDFD81 /* StepsHeader.swift in Sources */ = {isa = PBXBuildFile; fileRef = 0C5A05BB2B8ED3AF00BDFD81 /* StepsHeader.swift */; };
		0C5A05BE2B8ED5F300BDFD81 /* VideoPreview.swift in Sources */ = {isa = PBXBuildFile; fileRef = 0C5A05BD2B8ED5F300BDFD81 /* VideoPreview.swift */; };
		0C5A05C02B8ED7CB00BDFD81 /* StepView.swift in Sources */ = {isa = PBXBuildFile; fileRef = 0C5A05BF2B8ED7CB00BDFD81 /* StepView.swift */; };
		0CF691342B8E532700DFB2C2 /* lePetitChef_challengeZeroApp.swift in Sources */ = {isa = PBXBuildFile; fileRef = 0CF691332B8E532700DFB2C2 /* lePetitChef_challengeZeroApp.swift */; };
		0CF691362B8E532700DFB2C2 /* RouterControllerView.swift in Sources */ = {isa = PBXBuildFile; fileRef = 0CF691352B8E532700DFB2C2 /* RouterControllerView.swift */; };
		0CF691382B8E532800DFB2C2 /* Assets.xcassets in Resources */ = {isa = PBXBuildFile; fileRef = 0CF691372B8E532800DFB2C2 /* Assets.xcassets */; };
		0CF6913B2B8E532800DFB2C2 /* Preview Assets.xcassets in Resources */ = {isa = PBXBuildFile; fileRef = 0CF6913A2B8E532800DFB2C2 /* Preview Assets.xcassets */; };
		0CF691452B8E532800DFB2C2 /* lePetitChef_challengeZeroTests.swift in Sources */ = {isa = PBXBuildFile; fileRef = 0CF691442B8E532800DFB2C2 /* lePetitChef_challengeZeroTests.swift */; };
		0CF6914F2B8E532900DFB2C2 /* lePetitChef_challengeZeroUITests.swift in Sources */ = {isa = PBXBuildFile; fileRef = 0CF6914E2B8E532900DFB2C2 /* lePetitChef_challengeZeroUITests.swift */; };
		0CF691512B8E532900DFB2C2 /* lePetitChef_challengeZeroUITestsLaunchTests.swift in Sources */ = {isa = PBXBuildFile; fileRef = 0CF691502B8E532900DFB2C2 /* lePetitChef_challengeZeroUITestsLaunchTests.swift */; };
		0CF6915E2B8E53FF00DFB2C2 /* HomePageView.swift in Sources */ = {isa = PBXBuildFile; fileRef = 0CF6915D2B8E53FF00DFB2C2 /* HomePageView.swift */; };
		0CF691652B8E54CA00DFB2C2 /* Bubblegum.ttf in Resources */ = {isa = PBXBuildFile; fileRef = 0CF691642B8E54CA00DFB2C2 /* Bubblegum.ttf */; };
		0CF6916B2B8E54E700DFB2C2 /* LTPanneaux-Regular.ttf in Resources */ = {isa = PBXBuildFile; fileRef = 0CF691662B8E54E700DFB2C2 /* LTPanneaux-Regular.ttf */; };
		0CF6916C2B8E54E700DFB2C2 /* LTPanneaux-Bold.ttf in Resources */ = {isa = PBXBuildFile; fileRef = 0CF691672B8E54E700DFB2C2 /* LTPanneaux-Bold.ttf */; };
		0CF6916D2B8E54E700DFB2C2 /* LTPanneaux-SemiBold.ttf in Resources */ = {isa = PBXBuildFile; fileRef = 0CF691682B8E54E700DFB2C2 /* LTPanneaux-SemiBold.ttf */; };
		0CF6916E2B8E54E700DFB2C2 /* LTPanneaux-ExtraBold.ttf in Resources */ = {isa = PBXBuildFile; fileRef = 0CF691692B8E54E700DFB2C2 /* LTPanneaux-ExtraBold.ttf */; };
		0CF6916F2B8E54E700DFB2C2 /* LTPanneaux-Medium.ttf in Resources */ = {isa = PBXBuildFile; fileRef = 0CF6916A2B8E54E700DFB2C2 /* LTPanneaux-Medium.ttf */; };
		0CF691722B8E56FB00DFB2C2 /* ReceitaUmView.swift in Sources */ = {isa = PBXBuildFile; fileRef = 0CF691712B8E56FB00DFB2C2 /* ReceitaUmView.swift */; };
		0CF691742B8E57E100DFB2C2 /* ReceitaDoisView.swift in Sources */ = {isa = PBXBuildFile; fileRef = 0CF691732B8E57E100DFB2C2 /* ReceitaDoisView.swift */; };
		0CF691762B8E580800DFB2C2 /* ReceitaTresView.swift in Sources */ = {isa = PBXBuildFile; fileRef = 0CF691752B8E580800DFB2C2 /* ReceitaTresView.swift */; };
		0CF691782B8E582200DFB2C2 /* ReceitaQuatroView.swift in Sources */ = {isa = PBXBuildFile; fileRef = 0CF691772B8E582200DFB2C2 /* ReceitaQuatroView.swift */; };
		AAA459162B8E604F0017D168 /* SplashScreen.swift in Sources */ = {isa = PBXBuildFile; fileRef = AAA459152B8E604F0017D168 /* SplashScreen.swift */; };
/* End PBXBuildFile section */

/* Begin PBXContainerItemProxy section */
		0CF691412B8E532800DFB2C2 /* PBXContainerItemProxy */ = {
			isa = PBXContainerItemProxy;
			containerPortal = 0CF691282B8E532700DFB2C2 /* Project object */;
			proxyType = 1;
			remoteGlobalIDString = 0CF6912F2B8E532700DFB2C2;
			remoteInfo = "lePetitChef-challengeZero";
		};
		0CF6914B2B8E532900DFB2C2 /* PBXContainerItemProxy */ = {
			isa = PBXContainerItemProxy;
			containerPortal = 0CF691282B8E532700DFB2C2 /* Project object */;
			proxyType = 1;
			remoteGlobalIDString = 0CF6912F2B8E532700DFB2C2;
			remoteInfo = "lePetitChef-challengeZero";
		};
/* End PBXContainerItemProxy section */

/* Begin PBXFileReference section */
		0C5A05A92B8EC4E500BDFD81 /* HeaderHomePageView.swift */ = {isa = PBXFileReference; lastKnownFileType = sourcecode.swift; path = HeaderHomePageView.swift; sourceTree = "<group>"; };
		0C5A05B12B8ECBA400BDFD81 /* RecipePreviews.swift */ = {isa = PBXFileReference; lastKnownFileType = sourcecode.swift; path = RecipePreviews.swift; sourceTree = "<group>"; };
		0C5A05B52B8ECCFF00BDFD81 /* RecipeStruct.swift */ = {isa = PBXFileReference; lastKnownFileType = sourcecode.swift; path = RecipeStruct.swift; sourceTree = "<group>"; };
		0C5A05B72B8ED06600BDFD81 /* IngredientList.swift */ = {isa = PBXFileReference; lastKnownFileType = sourcecode.swift; path = IngredientList.swift; sourceTree = "<group>"; };
		0C5A05B92B8ED25800BDFD81 /* EstimatedTime.swift */ = {isa = PBXFileReference; lastKnownFileType = sourcecode.swift; path = EstimatedTime.swift; sourceTree = "<group>"; };
		0C5A05BB2B8ED3AF00BDFD81 /* StepsHeader.swift */ = {isa = PBXFileReference; lastKnownFileType = sourcecode.swift; path = StepsHeader.swift; sourceTree = "<group>"; };
		0C5A05BD2B8ED5F300BDFD81 /* VideoPreview.swift */ = {isa = PBXFileReference; lastKnownFileType = sourcecode.swift; path = VideoPreview.swift; sourceTree = "<group>"; };
		0C5A05BF2B8ED7CB00BDFD81 /* StepView.swift */ = {isa = PBXFileReference; lastKnownFileType = sourcecode.swift; path = StepView.swift; sourceTree = "<group>"; };
		0CF691302B8E532700DFB2C2 /* lePetitChef-challengeZero.app */ = {isa = PBXFileReference; explicitFileType = wrapper.application; includeInIndex = 0; path = "lePetitChef-challengeZero.app"; sourceTree = BUILT_PRODUCTS_DIR; };
		0CF691332B8E532700DFB2C2 /* lePetitChef_challengeZeroApp.swift */ = {isa = PBXFileReference; lastKnownFileType = sourcecode.swift; path = lePetitChef_challengeZeroApp.swift; sourceTree = "<group>"; };
		0CF691352B8E532700DFB2C2 /* RouterControllerView.swift */ = {isa = PBXFileReference; lastKnownFileType = sourcecode.swift; path = RouterControllerView.swift; sourceTree = "<group>"; };
		0CF691372B8E532800DFB2C2 /* Assets.xcassets */ = {isa = PBXFileReference; lastKnownFileType = folder.assetcatalog; path = Assets.xcassets; sourceTree = "<group>"; };
		0CF6913A2B8E532800DFB2C2 /* Preview Assets.xcassets */ = {isa = PBXFileReference; lastKnownFileType = folder.assetcatalog; path = "Preview Assets.xcassets"; sourceTree = "<group>"; };
		0CF691402B8E532800DFB2C2 /* lePetitChef-challengeZeroTests.xctest */ = {isa = PBXFileReference; explicitFileType = wrapper.cfbundle; includeInIndex = 0; path = "lePetitChef-challengeZeroTests.xctest"; sourceTree = BUILT_PRODUCTS_DIR; };
		0CF691442B8E532800DFB2C2 /* lePetitChef_challengeZeroTests.swift */ = {isa = PBXFileReference; lastKnownFileType = sourcecode.swift; path = lePetitChef_challengeZeroTests.swift; sourceTree = "<group>"; };
		0CF6914A2B8E532900DFB2C2 /* lePetitChef-challengeZeroUITests.xctest */ = {isa = PBXFileReference; explicitFileType = wrapper.cfbundle; includeInIndex = 0; path = "lePetitChef-challengeZeroUITests.xctest"; sourceTree = BUILT_PRODUCTS_DIR; };
		0CF6914E2B8E532900DFB2C2 /* lePetitChef_challengeZeroUITests.swift */ = {isa = PBXFileReference; lastKnownFileType = sourcecode.swift; path = lePetitChef_challengeZeroUITests.swift; sourceTree = "<group>"; };
		0CF691502B8E532900DFB2C2 /* lePetitChef_challengeZeroUITestsLaunchTests.swift */ = {isa = PBXFileReference; lastKnownFileType = sourcecode.swift; path = lePetitChef_challengeZeroUITestsLaunchTests.swift; sourceTree = "<group>"; };
		0CF6915D2B8E53FF00DFB2C2 /* HomePageView.swift */ = {isa = PBXFileReference; lastKnownFileType = sourcecode.swift; path = HomePageView.swift; sourceTree = "<group>"; };
		0CF691642B8E54CA00DFB2C2 /* Bubblegum.ttf */ = {isa = PBXFileReference; lastKnownFileType = file; path = Bubblegum.ttf; sourceTree = "<group>"; };
		0CF691662B8E54E700DFB2C2 /* LTPanneaux-Regular.ttf */ = {isa = PBXFileReference; lastKnownFileType = file; path = "LTPanneaux-Regular.ttf"; sourceTree = "<group>"; };
		0CF691672B8E54E700DFB2C2 /* LTPanneaux-Bold.ttf */ = {isa = PBXFileReference; lastKnownFileType = file; path = "LTPanneaux-Bold.ttf"; sourceTree = "<group>"; };
		0CF691682B8E54E700DFB2C2 /* LTPanneaux-SemiBold.ttf */ = {isa = PBXFileReference; lastKnownFileType = file; path = "LTPanneaux-SemiBold.ttf"; sourceTree = "<group>"; };
		0CF691692B8E54E700DFB2C2 /* LTPanneaux-ExtraBold.ttf */ = {isa = PBXFileReference; lastKnownFileType = file; path = "LTPanneaux-ExtraBold.ttf"; sourceTree = "<group>"; };
		0CF6916A2B8E54E700DFB2C2 /* LTPanneaux-Medium.ttf */ = {isa = PBXFileReference; lastKnownFileType = file; path = "LTPanneaux-Medium.ttf"; sourceTree = "<group>"; };
		0CF691702B8E550E00DFB2C2 /* Info.plist */ = {isa = PBXFileReference; lastKnownFileType = text.plist; path = Info.plist; sourceTree = "<group>"; };
		0CF691712B8E56FB00DFB2C2 /* ReceitaUmView.swift */ = {isa = PBXFileReference; lastKnownFileType = sourcecode.swift; path = ReceitaUmView.swift; sourceTree = "<group>"; };
		0CF691732B8E57E100DFB2C2 /* ReceitaDoisView.swift */ = {isa = PBXFileReference; lastKnownFileType = sourcecode.swift; path = ReceitaDoisView.swift; sourceTree = "<group>"; };
		0CF691752B8E580800DFB2C2 /* ReceitaTresView.swift */ = {isa = PBXFileReference; lastKnownFileType = sourcecode.swift; path = ReceitaTresView.swift; sourceTree = "<group>"; };
		0CF691772B8E582200DFB2C2 /* ReceitaQuatroView.swift */ = {isa = PBXFileReference; lastKnownFileType = sourcecode.swift; path = ReceitaQuatroView.swift; sourceTree = "<group>"; };
		AAA459152B8E604F0017D168 /* SplashScreen.swift */ = {isa = PBXFileReference; lastKnownFileType = sourcecode.swift; path = SplashScreen.swift; sourceTree = "<group>"; };
/* End PBXFileReference section */

/* Begin PBXFrameworksBuildPhase section */
		0CF6912D2B8E532700DFB2C2 /* Frameworks */ = {
			isa = PBXFrameworksBuildPhase;
			buildActionMask = 2147483647;
			files = (
			);
			runOnlyForDeploymentPostprocessing = 0;
		};
		0CF6913D2B8E532800DFB2C2 /* Frameworks */ = {
			isa = PBXFrameworksBuildPhase;
			buildActionMask = 2147483647;
			files = (
			);
			runOnlyForDeploymentPostprocessing = 0;
		};
		0CF691472B8E532900DFB2C2 /* Frameworks */ = {
			isa = PBXFrameworksBuildPhase;
			buildActionMask = 2147483647;
			files = (
			);
			runOnlyForDeploymentPostprocessing = 0;
		};
/* End PBXFrameworksBuildPhase section */

/* Begin PBXGroup section */
		0C5A05A32B8EBAD400BDFD81 /* Models */ = {
			isa = PBXGroup;
			children = (
				0CF691332B8E532700DFB2C2 /* lePetitChef_challengeZeroApp.swift */,
				0C5A05B52B8ECCFF00BDFD81 /* RecipeStruct.swift */,
			);
			path = Models;
			sourceTree = "<group>";
		};
		0C5A05A42B8EBAF100BDFD81 /* Views */ = {
			isa = PBXGroup;
			children = (
				0CF691352B8E532700DFB2C2 /* RouterControllerView.swift */,
				0C5A05B42B8ECCA300BDFD81 /* Page Elements */,
				0C5A05B32B8ECC6000BDFD81 /* Pages */,
			);
			path = Views;
			sourceTree = "<group>";
		};
		0C5A05B32B8ECC6000BDFD81 /* Pages */ = {
			isa = PBXGroup;
			children = (
				AAA459152B8E604F0017D168 /* SplashScreen.swift */,
				0CF6915D2B8E53FF00DFB2C2 /* HomePageView.swift */,
				0CF691712B8E56FB00DFB2C2 /* ReceitaUmView.swift */,
				0CF691732B8E57E100DFB2C2 /* ReceitaDoisView.swift */,
				0CF691752B8E580800DFB2C2 /* ReceitaTresView.swift */,
				0CF691772B8E582200DFB2C2 /* ReceitaQuatroView.swift */,
			);
			path = Pages;
			sourceTree = "<group>";
		};
		0C5A05B42B8ECCA300BDFD81 /* Page Elements */ = {
			isa = PBXGroup;
			children = (
				0C5A05A92B8EC4E500BDFD81 /* HeaderHomePageView.swift */,
				0C5A05B12B8ECBA400BDFD81 /* RecipePreviews.swift */,
				0C5A05B72B8ED06600BDFD81 /* IngredientList.swift */,
				0C5A05B92B8ED25800BDFD81 /* EstimatedTime.swift */,
				0C5A05BD2B8ED5F300BDFD81 /* VideoPreview.swift */,
				0C5A05BB2B8ED3AF00BDFD81 /* StepsHeader.swift */,
				0C5A05BF2B8ED7CB00BDFD81 /* StepView.swift */,
			);
			path = "Page Elements";
			sourceTree = "<group>";
		};
		0CF691272B8E532700DFB2C2 = {
			isa = PBXGroup;
			children = (
				0CF691322B8E532700DFB2C2 /* lePetitChef-challengeZero */,
				0CF691432B8E532800DFB2C2 /* lePetitChef-challengeZeroTests */,
				0CF6914D2B8E532900DFB2C2 /* lePetitChef-challengeZeroUITests */,
				0CF691312B8E532700DFB2C2 /* Products */,
			);
			sourceTree = "<group>";
		};
		0CF691312B8E532700DFB2C2 /* Products */ = {
			isa = PBXGroup;
			children = (
				0CF691302B8E532700DFB2C2 /* lePetitChef-challengeZero.app */,
				0CF691402B8E532800DFB2C2 /* lePetitChef-challengeZeroTests.xctest */,
				0CF6914A2B8E532900DFB2C2 /* lePetitChef-challengeZeroUITests.xctest */,
			);
			name = Products;
			sourceTree = "<group>";
		};
		0CF691322B8E532700DFB2C2 /* lePetitChef-challengeZero */ = {
			isa = PBXGroup;
			children = (
				0C5A05A42B8EBAF100BDFD81 /* Views */,
				0C5A05A32B8EBAD400BDFD81 /* Models */,
				0CF691702B8E550E00DFB2C2 /* Info.plist */,
				0CF691612B8E549C00DFB2C2 /* Fontes */,
				0CF691372B8E532800DFB2C2 /* Assets.xcassets */,
				0CF691392B8E532800DFB2C2 /* Preview Content */,
			);
			path = "lePetitChef-challengeZero";
			sourceTree = "<group>";
		};
		0CF691392B8E532800DFB2C2 /* Preview Content */ = {
			isa = PBXGroup;
			children = (
				0CF6913A2B8E532800DFB2C2 /* Preview Assets.xcassets */,
			);
			path = "Preview Content";
			sourceTree = "<group>";
		};
		0CF691432B8E532800DFB2C2 /* lePetitChef-challengeZeroTests */ = {
			isa = PBXGroup;
			children = (
				0CF691442B8E532800DFB2C2 /* lePetitChef_challengeZeroTests.swift */,
			);
			path = "lePetitChef-challengeZeroTests";
			sourceTree = "<group>";
		};
		0CF6914D2B8E532900DFB2C2 /* lePetitChef-challengeZeroUITests */ = {
			isa = PBXGroup;
			children = (
				0CF6914E2B8E532900DFB2C2 /* lePetitChef_challengeZeroUITests.swift */,
				0CF691502B8E532900DFB2C2 /* lePetitChef_challengeZeroUITestsLaunchTests.swift */,
			);
			path = "lePetitChef-challengeZeroUITests";
			sourceTree = "<group>";
		};
		0CF691612B8E549C00DFB2C2 /* Fontes */ = {
			isa = PBXGroup;
			children = (
				0CF691672B8E54E700DFB2C2 /* LTPanneaux-Bold.ttf */,
				0CF691692B8E54E700DFB2C2 /* LTPanneaux-ExtraBold.ttf */,
				0CF6916A2B8E54E700DFB2C2 /* LTPanneaux-Medium.ttf */,
				0CF691662B8E54E700DFB2C2 /* LTPanneaux-Regular.ttf */,
				0CF691682B8E54E700DFB2C2 /* LTPanneaux-SemiBold.ttf */,
				0CF691642B8E54CA00DFB2C2 /* Bubblegum.ttf */,
			);
			path = Fontes;
			sourceTree = "<group>";
		};
/* End PBXGroup section */

/* Begin PBXNativeTarget section */
		0CF6912F2B8E532700DFB2C2 /* lePetitChef-challengeZero */ = {
			isa = PBXNativeTarget;
			buildConfigurationList = 0CF691542B8E532900DFB2C2 /* Build configuration list for PBXNativeTarget "lePetitChef-challengeZero" */;
			buildPhases = (
				0CF6912C2B8E532700DFB2C2 /* Sources */,
				0CF6912D2B8E532700DFB2C2 /* Frameworks */,
				0CF6912E2B8E532700DFB2C2 /* Resources */,
			);
			buildRules = (
			);
			dependencies = (
			);
			name = "lePetitChef-challengeZero";
			productName = "lePetitChef-challengeZero";
			productReference = 0CF691302B8E532700DFB2C2 /* lePetitChef-challengeZero.app */;
			productType = "com.apple.product-type.application";
		};
		0CF6913F2B8E532800DFB2C2 /* lePetitChef-challengeZeroTests */ = {
			isa = PBXNativeTarget;
			buildConfigurationList = 0CF691572B8E532900DFB2C2 /* Build configuration list for PBXNativeTarget "lePetitChef-challengeZeroTests" */;
			buildPhases = (
				0CF6913C2B8E532800DFB2C2 /* Sources */,
				0CF6913D2B8E532800DFB2C2 /* Frameworks */,
				0CF6913E2B8E532800DFB2C2 /* Resources */,
			);
			buildRules = (
			);
			dependencies = (
				0CF691422B8E532800DFB2C2 /* PBXTargetDependency */,
			);
			name = "lePetitChef-challengeZeroTests";
			productName = "lePetitChef-challengeZeroTests";
			productReference = 0CF691402B8E532800DFB2C2 /* lePetitChef-challengeZeroTests.xctest */;
			productType = "com.apple.product-type.bundle.unit-test";
		};
		0CF691492B8E532900DFB2C2 /* lePetitChef-challengeZeroUITests */ = {
			isa = PBXNativeTarget;
			buildConfigurationList = 0CF6915A2B8E532900DFB2C2 /* Build configuration list for PBXNativeTarget "lePetitChef-challengeZeroUITests" */;
			buildPhases = (
				0CF691462B8E532900DFB2C2 /* Sources */,
				0CF691472B8E532900DFB2C2 /* Frameworks */,
				0CF691482B8E532900DFB2C2 /* Resources */,
			);
			buildRules = (
			);
			dependencies = (
				0CF6914C2B8E532900DFB2C2 /* PBXTargetDependency */,
			);
			name = "lePetitChef-challengeZeroUITests";
			productName = "lePetitChef-challengeZeroUITests";
			productReference = 0CF6914A2B8E532900DFB2C2 /* lePetitChef-challengeZeroUITests.xctest */;
			productType = "com.apple.product-type.bundle.ui-testing";
		};
/* End PBXNativeTarget section */

/* Begin PBXProject section */
		0CF691282B8E532700DFB2C2 /* Project object */ = {
			isa = PBXProject;
			attributes = {
				BuildIndependentTargetsInParallel = 1;
				LastSwiftUpdateCheck = 1520;
				LastUpgradeCheck = 1520;
				TargetAttributes = {
					0CF6912F2B8E532700DFB2C2 = {
						CreatedOnToolsVersion = 15.2;
					};
					0CF6913F2B8E532800DFB2C2 = {
						CreatedOnToolsVersion = 15.2;
						TestTargetID = 0CF6912F2B8E532700DFB2C2;
					};
					0CF691492B8E532900DFB2C2 = {
						CreatedOnToolsVersion = 15.2;
						TestTargetID = 0CF6912F2B8E532700DFB2C2;
					};
				};
			};
			buildConfigurationList = 0CF6912B2B8E532700DFB2C2 /* Build configuration list for PBXProject "lePetitChef-challengeZero" */;
			compatibilityVersion = "Xcode 14.0";
			developmentRegion = en;
			hasScannedForEncodings = 0;
			knownRegions = (
				en,
				Base,
			);
			mainGroup = 0CF691272B8E532700DFB2C2;
			productRefGroup = 0CF691312B8E532700DFB2C2 /* Products */;
			projectDirPath = "";
			projectRoot = "";
			targets = (
				0CF6912F2B8E532700DFB2C2 /* lePetitChef-challengeZero */,
				0CF6913F2B8E532800DFB2C2 /* lePetitChef-challengeZeroTests */,
				0CF691492B8E532900DFB2C2 /* lePetitChef-challengeZeroUITests */,
			);
		};
/* End PBXProject section */

/* Begin PBXResourcesBuildPhase section */
		0CF6912E2B8E532700DFB2C2 /* Resources */ = {
			isa = PBXResourcesBuildPhase;
			buildActionMask = 2147483647;
			files = (
				0CF6913B2B8E532800DFB2C2 /* Preview Assets.xcassets in Resources */,
				0CF6916B2B8E54E700DFB2C2 /* LTPanneaux-Regular.ttf in Resources */,
				0CF691382B8E532800DFB2C2 /* Assets.xcassets in Resources */,
				0CF6916C2B8E54E700DFB2C2 /* LTPanneaux-Bold.ttf in Resources */,
				0CF691652B8E54CA00DFB2C2 /* Bubblegum.ttf in Resources */,
				0CF6916D2B8E54E700DFB2C2 /* LTPanneaux-SemiBold.ttf in Resources */,
				0CF6916E2B8E54E700DFB2C2 /* LTPanneaux-ExtraBold.ttf in Resources */,
				0CF6916F2B8E54E700DFB2C2 /* LTPanneaux-Medium.ttf in Resources */,
			);
			runOnlyForDeploymentPostprocessing = 0;
		};
		0CF6913E2B8E532800DFB2C2 /* Resources */ = {
			isa = PBXResourcesBuildPhase;
			buildActionMask = 2147483647;
			files = (
			);
			runOnlyForDeploymentPostprocessing = 0;
		};
		0CF691482B8E532900DFB2C2 /* Resources */ = {
			isa = PBXResourcesBuildPhase;
			buildActionMask = 2147483647;
			files = (
			);
			runOnlyForDeploymentPostprocessing = 0;
		};
/* End PBXResourcesBuildPhase section */

/* Begin PBXSourcesBuildPhase section */
		0CF6912C2B8E532700DFB2C2 /* Sources */ = {
			isa = PBXSourcesBuildPhase;
			buildActionMask = 2147483647;
			files = (
				0C5A05C02B8ED7CB00BDFD81 /* StepView.swift in Sources */,
				0C5A05BE2B8ED5F300BDFD81 /* VideoPreview.swift in Sources */,
				0C5A05AA2B8EC4E500BDFD81 /* HeaderHomePageView.swift in Sources */,
				AAA459162B8E604F0017D168 /* SplashScreen.swift in Sources */,
				0C5A05BC2B8ED3AF00BDFD81 /* StepsHeader.swift in Sources */,
				0CF691762B8E580800DFB2C2 /* ReceitaTresView.swift in Sources */,
				0C5A05B62B8ECCFF00BDFD81 /* RecipeStruct.swift in Sources */,
				0CF691722B8E56FB00DFB2C2 /* ReceitaUmView.swift in Sources */,
				0CF691782B8E582200DFB2C2 /* ReceitaQuatroView.swift in Sources */,
				0CF691362B8E532700DFB2C2 /* RouterControllerView.swift in Sources */,
				0CF6915E2B8E53FF00DFB2C2 /* HomePageView.swift in Sources */,
				0C5A05B82B8ED06600BDFD81 /* IngredientList.swift in Sources */,
				0CF691342B8E532700DFB2C2 /* lePetitChef_challengeZeroApp.swift in Sources */,
				0C5A05B22B8ECBA400BDFD81 /* RecipePreviews.swift in Sources */,
				0C5A05BA2B8ED25800BDFD81 /* EstimatedTime.swift in Sources */,
				0CF691742B8E57E100DFB2C2 /* ReceitaDoisView.swift in Sources */,
			);
			runOnlyForDeploymentPostprocessing = 0;
		};
		0CF6913C2B8E532800DFB2C2 /* Sources */ = {
			isa = PBXSourcesBuildPhase;
			buildActionMask = 2147483647;
			files = (
				0CF691452B8E532800DFB2C2 /* lePetitChef_challengeZeroTests.swift in Sources */,
			);
			runOnlyForDeploymentPostprocessing = 0;
		};
		0CF691462B8E532900DFB2C2 /* Sources */ = {
			isa = PBXSourcesBuildPhase;
			buildActionMask = 2147483647;
			files = (
				0CF691512B8E532900DFB2C2 /* lePetitChef_challengeZeroUITestsLaunchTests.swift in Sources */,
				0CF6914F2B8E532900DFB2C2 /* lePetitChef_challengeZeroUITests.swift in Sources */,
			);
			runOnlyForDeploymentPostprocessing = 0;
		};
/* End PBXSourcesBuildPhase section */

/* Begin PBXTargetDependency section */
		0CF691422B8E532800DFB2C2 /* PBXTargetDependency */ = {
			isa = PBXTargetDependency;
			target = 0CF6912F2B8E532700DFB2C2 /* lePetitChef-challengeZero */;
			targetProxy = 0CF691412B8E532800DFB2C2 /* PBXContainerItemProxy */;
		};
		0CF6914C2B8E532900DFB2C2 /* PBXTargetDependency */ = {
			isa = PBXTargetDependency;
			target = 0CF6912F2B8E532700DFB2C2 /* lePetitChef-challengeZero */;
			targetProxy = 0CF6914B2B8E532900DFB2C2 /* PBXContainerItemProxy */;
		};
/* End PBXTargetDependency section */

/* Begin XCBuildConfiguration section */
		0CF691522B8E532900DFB2C2 /* Debug */ = {
			isa = XCBuildConfiguration;
			buildSettings = {
				ALWAYS_SEARCH_USER_PATHS = NO;
				ASSETCATALOG_COMPILER_GENERATE_SWIFT_ASSET_SYMBOL_EXTENSIONS = YES;
				CLANG_ANALYZER_NONNULL = YES;
				CLANG_ANALYZER_NUMBER_OBJECT_CONVERSION = YES_AGGRESSIVE;
				CLANG_CXX_LANGUAGE_STANDARD = "gnu++20";
				CLANG_ENABLE_MODULES = YES;
				CLANG_ENABLE_OBJC_ARC = YES;
				CLANG_ENABLE_OBJC_WEAK = YES;
				CLANG_WARN_BLOCK_CAPTURE_AUTORELEASING = YES;
				CLANG_WARN_BOOL_CONVERSION = YES;
				CLANG_WARN_COMMA = YES;
				CLANG_WARN_CONSTANT_CONVERSION = YES;
				CLANG_WARN_DEPRECATED_OBJC_IMPLEMENTATIONS = YES;
				CLANG_WARN_DIRECT_OBJC_ISA_USAGE = YES_ERROR;
				CLANG_WARN_DOCUMENTATION_COMMENTS = YES;
				CLANG_WARN_EMPTY_BODY = YES;
				CLANG_WARN_ENUM_CONVERSION = YES;
				CLANG_WARN_INFINITE_RECURSION = YES;
				CLANG_WARN_INT_CONVERSION = YES;
				CLANG_WARN_NON_LITERAL_NULL_CONVERSION = YES;
				CLANG_WARN_OBJC_IMPLICIT_RETAIN_SELF = YES;
				CLANG_WARN_OBJC_LITERAL_CONVERSION = YES;
				CLANG_WARN_OBJC_ROOT_CLASS = YES_ERROR;
				CLANG_WARN_QUOTED_INCLUDE_IN_FRAMEWORK_HEADER = YES;
				CLANG_WARN_RANGE_LOOP_ANALYSIS = YES;
				CLANG_WARN_STRICT_PROTOTYPES = YES;
				CLANG_WARN_SUSPICIOUS_MOVE = YES;
				CLANG_WARN_UNGUARDED_AVAILABILITY = YES_AGGRESSIVE;
				CLANG_WARN_UNREACHABLE_CODE = YES;
				CLANG_WARN__DUPLICATE_METHOD_MATCH = YES;
				COPY_PHASE_STRIP = NO;
				DEBUG_INFORMATION_FORMAT = dwarf;
				ENABLE_STRICT_OBJC_MSGSEND = YES;
				ENABLE_TESTABILITY = YES;
				ENABLE_USER_SCRIPT_SANDBOXING = YES;
				GCC_C_LANGUAGE_STANDARD = gnu17;
				GCC_DYNAMIC_NO_PIC = NO;
				GCC_NO_COMMON_BLOCKS = YES;
				GCC_OPTIMIZATION_LEVEL = 0;
				GCC_PREPROCESSOR_DEFINITIONS = (
					"DEBUG=1",
					"$(inherited)",
				);
				GCC_WARN_64_TO_32_BIT_CONVERSION = YES;
				GCC_WARN_ABOUT_RETURN_TYPE = YES_ERROR;
				GCC_WARN_UNDECLARED_SELECTOR = YES;
				GCC_WARN_UNINITIALIZED_AUTOS = YES_AGGRESSIVE;
				GCC_WARN_UNUSED_FUNCTION = YES;
				GCC_WARN_UNUSED_VARIABLE = YES;
				IPHONEOS_DEPLOYMENT_TARGET = 17.2;
				LOCALIZATION_PREFERS_STRING_CATALOGS = YES;
				MTL_ENABLE_DEBUG_INFO = INCLUDE_SOURCE;
				MTL_FAST_MATH = YES;
				ONLY_ACTIVE_ARCH = YES;
				SDKROOT = iphoneos;
				SWIFT_ACTIVE_COMPILATION_CONDITIONS = "DEBUG $(inherited)";
				SWIFT_OPTIMIZATION_LEVEL = "-Onone";
			};
			name = Debug;
		};
		0CF691532B8E532900DFB2C2 /* Release */ = {
			isa = XCBuildConfiguration;
			buildSettings = {
				ALWAYS_SEARCH_USER_PATHS = NO;
				ASSETCATALOG_COMPILER_GENERATE_SWIFT_ASSET_SYMBOL_EXTENSIONS = YES;
				CLANG_ANALYZER_NONNULL = YES;
				CLANG_ANALYZER_NUMBER_OBJECT_CONVERSION = YES_AGGRESSIVE;
				CLANG_CXX_LANGUAGE_STANDARD = "gnu++20";
				CLANG_ENABLE_MODULES = YES;
				CLANG_ENABLE_OBJC_ARC = YES;
				CLANG_ENABLE_OBJC_WEAK = YES;
				CLANG_WARN_BLOCK_CAPTURE_AUTORELEASING = YES;
				CLANG_WARN_BOOL_CONVERSION = YES;
				CLANG_WARN_COMMA = YES;
				CLANG_WARN_CONSTANT_CONVERSION = YES;
				CLANG_WARN_DEPRECATED_OBJC_IMPLEMENTATIONS = YES;
				CLANG_WARN_DIRECT_OBJC_ISA_USAGE = YES_ERROR;
				CLANG_WARN_DOCUMENTATION_COMMENTS = YES;
				CLANG_WARN_EMPTY_BODY = YES;
				CLANG_WARN_ENUM_CONVERSION = YES;
				CLANG_WARN_INFINITE_RECURSION = YES;
				CLANG_WARN_INT_CONVERSION = YES;
				CLANG_WARN_NON_LITERAL_NULL_CONVERSION = YES;
				CLANG_WARN_OBJC_IMPLICIT_RETAIN_SELF = YES;
				CLANG_WARN_OBJC_LITERAL_CONVERSION = YES;
				CLANG_WARN_OBJC_ROOT_CLASS = YES_ERROR;
				CLANG_WARN_QUOTED_INCLUDE_IN_FRAMEWORK_HEADER = YES;
				CLANG_WARN_RANGE_LOOP_ANALYSIS = YES;
				CLANG_WARN_STRICT_PROTOTYPES = YES;
				CLANG_WARN_SUSPICIOUS_MOVE = YES;
				CLANG_WARN_UNGUARDED_AVAILABILITY = YES_AGGRESSIVE;
				CLANG_WARN_UNREACHABLE_CODE = YES;
				CLANG_WARN__DUPLICATE_METHOD_MATCH = YES;
				COPY_PHASE_STRIP = NO;
				DEBUG_INFORMATION_FORMAT = "dwarf-with-dsym";
				ENABLE_NS_ASSERTIONS = NO;
				ENABLE_STRICT_OBJC_MSGSEND = YES;
				ENABLE_USER_SCRIPT_SANDBOXING = YES;
				GCC_C_LANGUAGE_STANDARD = gnu17;
				GCC_NO_COMMON_BLOCKS = YES;
				GCC_WARN_64_TO_32_BIT_CONVERSION = YES;
				GCC_WARN_ABOUT_RETURN_TYPE = YES_ERROR;
				GCC_WARN_UNDECLARED_SELECTOR = YES;
				GCC_WARN_UNINITIALIZED_AUTOS = YES_AGGRESSIVE;
				GCC_WARN_UNUSED_FUNCTION = YES;
				GCC_WARN_UNUSED_VARIABLE = YES;
				IPHONEOS_DEPLOYMENT_TARGET = 17.2;
				LOCALIZATION_PREFERS_STRING_CATALOGS = YES;
				MTL_ENABLE_DEBUG_INFO = NO;
				MTL_FAST_MATH = YES;
				SDKROOT = iphoneos;
				SWIFT_COMPILATION_MODE = wholemodule;
				VALIDATE_PRODUCT = YES;
			};
			name = Release;
		};
		0CF691552B8E532900DFB2C2 /* Debug */ = {
			isa = XCBuildConfiguration;
			buildSettings = {
				ASSETCATALOG_COMPILER_APPICON_NAME = AppIcon;
				ASSETCATALOG_COMPILER_GLOBAL_ACCENT_COLOR_NAME = AccentColor;
				CODE_SIGN_STYLE = Automatic;
				CURRENT_PROJECT_VERSION = 1;
				DEVELOPMENT_ASSET_PATHS = "\"lePetitChef-challengeZero/Preview Content\"";
				ENABLE_PREVIEWS = YES;
				GENERATE_INFOPLIST_FILE = YES;
				INFOPLIST_FILE = "lePetitChef-challengeZero/Info.plist";
				INFOPLIST_KEY_UIApplicationSceneManifest_Generation = YES;
				INFOPLIST_KEY_UIApplicationSupportsIndirectInputEvents = YES;
				INFOPLIST_KEY_UILaunchScreen_Generation = YES;
				INFOPLIST_KEY_UISupportedInterfaceOrientations_iPad = "UIInterfaceOrientationPortrait UIInterfaceOrientationPortraitUpsideDown UIInterfaceOrientationLandscapeLeft UIInterfaceOrientationLandscapeRight";
				INFOPLIST_KEY_UISupportedInterfaceOrientations_iPhone = "UIInterfaceOrientationPortrait UIInterfaceOrientationLandscapeLeft UIInterfaceOrientationLandscapeRight";
				LD_RUNPATH_SEARCH_PATHS = (
					"$(inherited)",
					"@executable_path/Frameworks",
				);
				MARKETING_VERSION = 1.0;
				PRODUCT_BUNDLE_IDENTIFIER = "Catarina.lePetitChef-challengeZero";
				PRODUCT_NAME = "$(TARGET_NAME)";
				SWIFT_EMIT_LOC_STRINGS = YES;
				SWIFT_VERSION = 5.0;
				TARGETED_DEVICE_FAMILY = "1,2";
			};
			name = Debug;
		};
		0CF691562B8E532900DFB2C2 /* Release */ = {
			isa = XCBuildConfiguration;
			buildSettings = {
				ASSETCATALOG_COMPILER_APPICON_NAME = AppIcon;
				ASSETCATALOG_COMPILER_GLOBAL_ACCENT_COLOR_NAME = AccentColor;
				CODE_SIGN_STYLE = Automatic;
				CURRENT_PROJECT_VERSION = 1;
				DEVELOPMENT_ASSET_PATHS = "\"lePetitChef-challengeZero/Preview Content\"";
				ENABLE_PREVIEWS = YES;
				GENERATE_INFOPLIST_FILE = YES;
				INFOPLIST_FILE = "lePetitChef-challengeZero/Info.plist";
				INFOPLIST_KEY_UIApplicationSceneManifest_Generation = YES;
				INFOPLIST_KEY_UIApplicationSupportsIndirectInputEvents = YES;
				INFOPLIST_KEY_UILaunchScreen_Generation = YES;
				INFOPLIST_KEY_UISupportedInterfaceOrientations_iPad = "UIInterfaceOrientationPortrait UIInterfaceOrientationPortraitUpsideDown UIInterfaceOrientationLandscapeLeft UIInterfaceOrientationLandscapeRight";
				INFOPLIST_KEY_UISupportedInterfaceOrientations_iPhone = "UIInterfaceOrientationPortrait UIInterfaceOrientationLandscapeLeft UIInterfaceOrientationLandscapeRight";
				LD_RUNPATH_SEARCH_PATHS = (
					"$(inherited)",
					"@executable_path/Frameworks",
				);
				MARKETING_VERSION = 1.0;
				PRODUCT_BUNDLE_IDENTIFIER = "Catarina.lePetitChef-challengeZero";
				PRODUCT_NAME = "$(TARGET_NAME)";
				SWIFT_EMIT_LOC_STRINGS = YES;
				SWIFT_VERSION = 5.0;
				TARGETED_DEVICE_FAMILY = "1,2";
			};
			name = Release;
		};
		0CF691582B8E532900DFB2C2 /* Debug */ = {
			isa = XCBuildConfiguration;
			buildSettings = {
				ALWAYS_EMBED_SWIFT_STANDARD_LIBRARIES = YES;
				BUNDLE_LOADER = "$(TEST_HOST)";
				CODE_SIGN_STYLE = Automatic;
				CURRENT_PROJECT_VERSION = 1;
				GENERATE_INFOPLIST_FILE = YES;
				IPHONEOS_DEPLOYMENT_TARGET = 17.2;
				MARKETING_VERSION = 1.0;
				PRODUCT_BUNDLE_IDENTIFIER = "Catarina.lePetitChef-challengeZeroTests";
				PRODUCT_NAME = "$(TARGET_NAME)";
				SWIFT_EMIT_LOC_STRINGS = NO;
				SWIFT_VERSION = 5.0;
				TARGETED_DEVICE_FAMILY = "1,2";
				TEST_HOST = "$(BUILT_PRODUCTS_DIR)/lePetitChef-challengeZero.app/$(BUNDLE_EXECUTABLE_FOLDER_PATH)/lePetitChef-challengeZero";
			};
			name = Debug;
		};
		0CF691592B8E532900DFB2C2 /* Release */ = {
			isa = XCBuildConfiguration;
			buildSettings = {
				ALWAYS_EMBED_SWIFT_STANDARD_LIBRARIES = YES;
				BUNDLE_LOADER = "$(TEST_HOST)";
				CODE_SIGN_STYLE = Automatic;
				CURRENT_PROJECT_VERSION = 1;
				GENERATE_INFOPLIST_FILE = YES;
				IPHONEOS_DEPLOYMENT_TARGET = 17.2;
				MARKETING_VERSION = 1.0;
				PRODUCT_BUNDLE_IDENTIFIER = "Catarina.lePetitChef-challengeZeroTests";
				PRODUCT_NAME = "$(TARGET_NAME)";
				SWIFT_EMIT_LOC_STRINGS = NO;
				SWIFT_VERSION = 5.0;
				TARGETED_DEVICE_FAMILY = "1,2";
				TEST_HOST = "$(BUILT_PRODUCTS_DIR)/lePetitChef-challengeZero.app/$(BUNDLE_EXECUTABLE_FOLDER_PATH)/lePetitChef-challengeZero";
			};
			name = Release;
		};
		0CF6915B2B8E532900DFB2C2 /* Debug */ = {
			isa = XCBuildConfiguration;
			buildSettings = {
				ALWAYS_EMBED_SWIFT_STANDARD_LIBRARIES = YES;
				CODE_SIGN_STYLE = Automatic;
				CURRENT_PROJECT_VERSION = 1;
				GENERATE_INFOPLIST_FILE = YES;
				MARKETING_VERSION = 1.0;
				PRODUCT_BUNDLE_IDENTIFIER = "Catarina.lePetitChef-challengeZeroUITests";
				PRODUCT_NAME = "$(TARGET_NAME)";
				SWIFT_EMIT_LOC_STRINGS = NO;
				SWIFT_VERSION = 5.0;
				TARGETED_DEVICE_FAMILY = "1,2";
				TEST_TARGET_NAME = "lePetitChef-challengeZero";
			};
			name = Debug;
		};
		0CF6915C2B8E532900DFB2C2 /* Release */ = {
			isa = XCBuildConfiguration;
			buildSettings = {
				ALWAYS_EMBED_SWIFT_STANDARD_LIBRARIES = YES;
				CODE_SIGN_STYLE = Automatic;
				CURRENT_PROJECT_VERSION = 1;
				GENERATE_INFOPLIST_FILE = YES;
				MARKETING_VERSION = 1.0;
				PRODUCT_BUNDLE_IDENTIFIER = "Catarina.lePetitChef-challengeZeroUITests";
				PRODUCT_NAME = "$(TARGET_NAME)";
				SWIFT_EMIT_LOC_STRINGS = NO;
				SWIFT_VERSION = 5.0;
				TARGETED_DEVICE_FAMILY = "1,2";
				TEST_TARGET_NAME = "lePetitChef-challengeZero";
			};
			name = Release;
		};
/* End XCBuildConfiguration section */

/* Begin XCConfigurationList section */
		0CF6912B2B8E532700DFB2C2 /* Build configuration list for PBXProject "lePetitChef-challengeZero" */ = {
			isa = XCConfigurationList;
			buildConfigurations = (
				0CF691522B8E532900DFB2C2 /* Debug */,
				0CF691532B8E532900DFB2C2 /* Release */,
			);
			defaultConfigurationIsVisible = 0;
			defaultConfigurationName = Release;
		};
		0CF691542B8E532900DFB2C2 /* Build configuration list for PBXNativeTarget "lePetitChef-challengeZero" */ = {
			isa = XCConfigurationList;
			buildConfigurations = (
				0CF691552B8E532900DFB2C2 /* Debug */,
				0CF691562B8E532900DFB2C2 /* Release */,
			);
			defaultConfigurationIsVisible = 0;
			defaultConfigurationName = Release;
		};
		0CF691572B8E532900DFB2C2 /* Build configuration list for PBXNativeTarget "lePetitChef-challengeZeroTests" */ = {
			isa = XCConfigurationList;
			buildConfigurations = (
				0CF691582B8E532900DFB2C2 /* Debug */,
				0CF691592B8E532900DFB2C2 /* Release */,
			);
			defaultConfigurationIsVisible = 0;
			defaultConfigurationName = Release;
		};
		0CF6915A2B8E532900DFB2C2 /* Build configuration list for PBXNativeTarget "lePetitChef-challengeZeroUITests" */ = {
			isa = XCConfigurationList;
			buildConfigurations = (
				0CF6915B2B8E532900DFB2C2 /* Debug */,
				0CF6915C2B8E532900DFB2C2 /* Release */,
			);
			defaultConfigurationIsVisible = 0;
			defaultConfigurationName = Release;
		};
/* End XCConfigurationList section */
	};
	rootObject = 0CF691282B8E532700DFB2C2 /* Project object */;
}
